
Microsoft Visual Studio Solution File, Format Version 12.00
# Visual Studio Version 17
VisualStudioVersion = 17.11.35431.28
MinimumVisualStudioVersion = 10.0.40219.1
Project("{9A19103F-16F7-4668-BE54-9A1E7A4F7556}") = "WebApplicationDemo", "WebApplicationDemo\WebApplicationDemo.csproj", "{F3E6E3B0-5617-4CB7-9345-D5BF1D46B4C5}"
EndProject
Project("{2150E333-8FDC-42A3-9474-1A3956D46DE8}") = "Elementos de la solución", "Elementos de la solución", "{A0DB72CC-2B01-4350-8E92-382D6EFAF586}"
	ProjectSection(SolutionItems) = preProject
		.gitignore = .gitignore
	EndProjectSection
EndProject
Global
	GlobalSection(SolutionConfigurationPlatforms) = preSolution
		Debug|Any CPU = Debug|Any CPU
		Release|Any CPU = Release|Any CPU
	EndGlobalSection
	GlobalSection(ProjectConfigurationPlatforms) = postSolution
		{F3E6E3B0-5617-4CB7-9345-D5BF1D46B4C5}.Debug|Any CPU.ActiveCfg = Debug|Any CPU
		{F3E6E3B0-5617-4CB7-9345-D5BF1D46B4C5}.Debug|Any CPU.Build.0 = Debug|Any CPU
		{F3E6E3B0-5617-4CB7-9345-D5BF1D46B4C5}.Release|Any CPU.ActiveCfg = Release|Any CPU
		{F3E6E3B0-5617-4CB7-9345-D5BF1D46B4C5}.Release|Any CPU.Build.0 = Release|Any CPU
	EndGlobalSection
	GlobalSection(SolutionProperties) = preSolution
		HideSolutionNode = FALSE
	EndGlobalSection
	GlobalSection(ExtensibilityGlobals) = postSolution
		SolutionGuid = {2C75A083-EE17-4392-B29E-531235AFDA58}
	EndGlobalSection
EndGlobal
