
Microsoft Visual Studio Solution File, Format Version 12.00
# Visual Studio Version 17
VisualStudioVersion = 17.11.35431.28
MinimumVisualStudioVersion = 10.0.40219.1
Project("{FAE04EC0-301F-11D3-BF4B-00C04F79EFBC}") = "WebApplicationDemo", "WebApplicationDemo\WebApplicationDemo.csproj", "{F3E6E3B0-5617-4CB7-9345-D5BF1D46B4C5}"
EndProject
Global
	GlobalSection(SolutionConfigurationPlatforms) = preSolution
		Debug|Any CPU = Debug|Any CPU
		Release|Any CPU = Release|Any CPU
	EndGlobalSection
	GlobalSection(ProjectConfigurationPlatforms) = postSolution
		{F3E6E3B0-5617-4CB7-9345-D5BF1D46B4C5}.Debug|Any CPU.ActiveCfg = Debug|Any CPU
		{F3E6E3B0-5617-4CB7-9345-D5BF1D46B4C5}.Debug|Any CPU.Build.0 = Debug|Any CPU
		{F3E6E3B0-5617-4CB7-9345-D5BF1D46B4C5}.Release|Any CPU.ActiveCfg = Release|Any CPU
		{F3E6E3B0-5617-4CB7-9345-D5BF1D46B4C5}.Release|Any CPU.Build.0 = Release|Any CPU
	EndGlobalSection
	GlobalSection(SolutionProperties) = preSolution
		HideSolutionNode = FALSE
	EndGlobalSection
	GlobalSection(ExtensibilityGlobals) = postSolution
		SolutionGuid = {2C75A083-EE17-4392-B29E-531235AFDA58}
	EndGlobalSection
EndGlobal
